
Microsoft Visual Studio Solution File, Format Version 12.00
# Visual Studio Version 17
VisualStudioVersion = 17.2.32630.192
MinimumVisualStudioVersion = 10.0.40219.1
Project("{FAE04EC0-301F-11D3-BF4B-00C04F79EFBC}") = "Lesson16", "Lesson16\Lesson16.csproj", "{DCFD6702-11A4-49FC-8180-95F1F589B5A6}"
EndProject
Global
	GlobalSection(SolutionConfigurationPlatforms) = preSolution
		Debug|Any CPU = Debug|Any CPU
		Release|Any CPU = Release|Any CPU
	EndGlobalSection
	GlobalSection(ProjectConfigurationPlatforms) = postSolution
		{DCFD6702-11A4-49FC-8180-95F1F589B5A6}.Debug|Any CPU.ActiveCfg = Debug|Any CPU
		{DCFD6702-11A4-49FC-8180-95F1F589B5A6}.Debug|Any CPU.Build.0 = Debug|Any CPU
		{DCFD6702-11A4-49FC-8180-95F1F589B5A6}.Release|Any CPU.ActiveCfg = Release|Any CPU
		{DCFD6702-11A4-49FC-8180-95F1F589B5A6}.Release|Any CPU.Build.0 = Release|Any CPU
	EndGlobalSection
	GlobalSection(SolutionProperties) = preSolution
		HideSolutionNode = FALSE
	EndGlobalSection
	GlobalSection(ExtensibilityGlobals) = postSolution
		SolutionGuid = {5ECB39B8-5FDB-4C9E-9B0E-F5A682FCE561}
	EndGlobalSection
EndGlobal
